{
  "name": "rutba-native-apps",
  "version": "0.1.0",
  "lockfileVersion": 3,
  "requires": true,
  "packages": {
    "": {
      "name": "rutba-native-apps",
      "version": "0.1.0",
      "workspaces": [
        "packages/*",
        "apps/*"
      ],
      "engines": {
        "node": ">=18"
      }
    },
    "apps/mail-desktop": {
      "name": "@rutba/mail-desktop",
      "version": "0.1.0",
      "dependencies": {
        "@rutba/shell-common": "*"
      }
    },
    "apps/pos-desktop": {
      "name": "@rutba/pos-desktop",
      "version": "0.1.0",
      "dependencies": {
        "@rutba/shell-common": "*"
      }
    },
    "apps/studio-desktop": {
      "name": "@rutba/studio-desktop",
      "version": "0.1.0",
      "dependencies": {
        "@rutba/shell-common": "*"
      }
    },
    "node_modules/@rutba/mail-desktop": {
      "resolved": "apps/mail-desktop",
      "link": true
    },
    "node_modules/@rutba/pos-desktop": {
      "resolved": "apps/pos-desktop",
      "link": true
    },
    "node_modules/@rutba/shell-common": {
      "resolved": "packages/shell-common",
      "link": true
    },
    "node_modules/@rutba/studio-desktop": {
      "resolved": "apps/studio-desktop",
      "link": true
    },
    "node_modules/@rutba/sync": {
      "resolved": "packages/sync",
      "link": true
    },
    "packages/shell-common": {
      "name": "@rutba/shell-common",
      "version": "0.1.0",
      "dependencies": {
        "@rutba/sync": "*"
      }
    },
    "packages/sync": {
      "name": "@rutba/sync",
      "version": "0.1.0",
      "engines": {
        "node": ">=18"
      }
    }
  }
}
